// !$*UTF8*$!
{
	archiveVersion = 1;
	classes = {
	};
	objectVersion = 56;
	objects = {

/* Begin PBXBuildFile section */
		1961C59A2ACC018F009394F7 /* TabBarView.swift in Sources */ = {isa = PBXBuildFile; fileRef = 1961C5992ACC018F009394F7 /* TabBarView.swift */; };
		1961C5A12ACC1389009394F7 /* FeedView.swift in Sources */ = {isa = PBXBuildFile; fileRef = 1961C5A02ACC1389009394F7 /* FeedView.swift */; };
		1961C5A32ACC1472009394F7 /* ExploreView.swift in Sources */ = {isa = PBXBuildFile; fileRef = 1961C5A22ACC1472009394F7 /* ExploreView.swift */; };
		1961C5A52ACC149E009394F7 /* ThreadView.swift in Sources */ = {isa = PBXBuildFile; fileRef = 1961C5A42ACC149E009394F7 /* ThreadView.swift */; };
		1961C5A72ACC14B8009394F7 /* ActivityView.swift in Sources */ = {isa = PBXBuildFile; fileRef = 1961C5A62ACC14B8009394F7 /* ActivityView.swift */; };
		1961C5A92ACC14C1009394F7 /* ProfileView.swift in Sources */ = {isa = PBXBuildFile; fileRef = 1961C5A82ACC14C1009394F7 /* ProfileView.swift */; };
		1961C5AB2ACC179F009394F7 /* ThreadCell.swift in Sources */ = {isa = PBXBuildFile; fileRef = 1961C5AA2ACC179F009394F7 /* ThreadCell.swift */; };
		1961C5AD2ACC2846009394F7 /* ExploreCell.swift in Sources */ = {isa = PBXBuildFile; fileRef = 1961C5AC2ACC2846009394F7 /* ExploreCell.swift */; };
		196C26C52AC7175500C78763 /* ThreadsCloneApp.swift in Sources */ = {isa = PBXBuildFile; fileRef = 196C26C42AC7175500C78763 /* ThreadsCloneApp.swift */; };
		196C26C72AC7175500C78763 /* ContentView.swift in Sources */ = {isa = PBXBuildFile; fileRef = 196C26C62AC7175500C78763 /* ContentView.swift */; };
		196C26C92AC7175700C78763 /* Assets.xcassets in Resources */ = {isa = PBXBuildFile; fileRef = 196C26C82AC7175700C78763 /* Assets.xcassets */; };
		196C26CC2AC7175700C78763 /* Preview Assets.xcassets in Resources */ = {isa = PBXBuildFile; fileRef = 196C26CB2AC7175700C78763 /* Preview Assets.xcassets */; };
		19F8838B2AC83DAA00575AC4 /* LoginView.swift in Sources */ = {isa = PBXBuildFile; fileRef = 19F8838A2AC83DAA00575AC4 /* LoginView.swift */; };
		19F8838D2AC8479600575AC4 /* SignUpView.swift in Sources */ = {isa = PBXBuildFile; fileRef = 19F8838C2AC8479600575AC4 /* SignUpView.swift */; };
		19F883902AC8490600575AC4 /* AuthenticationModifier.swift in Sources */ = {isa = PBXBuildFile; fileRef = 19F8838F2AC8490600575AC4 /* AuthenticationModifier.swift */; };
/* End PBXBuildFile section */

/* Begin PBXFileReference section */
		1961C5992ACC018F009394F7 /* TabBarView.swift */ = {isa = PBXFileReference; lastKnownFileType = sourcecode.swift; path = TabBarView.swift; sourceTree = "<group>"; };
		1961C5A02ACC1389009394F7 /* FeedView.swift */ = {isa = PBXFileReference; lastKnownFileType = sourcecode.swift; path = FeedView.swift; sourceTree = "<group>"; };
		1961C5A22ACC1472009394F7 /* ExploreView.swift */ = {isa = PBXFileReference; lastKnownFileType = sourcecode.swift; path = ExploreView.swift; sourceTree = "<group>"; };
		1961C5A42ACC149E009394F7 /* ThreadView.swift */ = {isa = PBXFileReference; lastKnownFileType = sourcecode.swift; path = ThreadView.swift; sourceTree = "<group>"; };
		1961C5A62ACC14B8009394F7 /* ActivityView.swift */ = {isa = PBXFileReference; lastKnownFileType = sourcecode.swift; path = ActivityView.swift; sourceTree = "<group>"; };
		1961C5A82ACC14C1009394F7 /* ProfileView.swift */ = {isa = PBXFileReference; lastKnownFileType = sourcecode.swift; path = ProfileView.swift; sourceTree = "<group>"; };
		1961C5AA2ACC179F009394F7 /* ThreadCell.swift */ = {isa = PBXFileReference; lastKnownFileType = sourcecode.swift; path = ThreadCell.swift; sourceTree = "<group>"; };
		1961C5AC2ACC2846009394F7 /* ExploreCell.swift */ = {isa = PBXFileReference; lastKnownFileType = sourcecode.swift; path = ExploreCell.swift; sourceTree = "<group>"; };
		196C26C12AC7175500C78763 /* ThreadsClone.app */ = {isa = PBXFileReference; explicitFileType = wrapper.application; includeInIndex = 0; path = ThreadsClone.app; sourceTree = BUILT_PRODUCTS_DIR; };
		196C26C42AC7175500C78763 /* ThreadsCloneApp.swift */ = {isa = PBXFileReference; lastKnownFileType = sourcecode.swift; path = ThreadsCloneApp.swift; sourceTree = "<group>"; };
		196C26C62AC7175500C78763 /* ContentView.swift */ = {isa = PBXFileReference; lastKnownFileType = sourcecode.swift; path = ContentView.swift; sourceTree = "<group>"; };
		196C26C82AC7175700C78763 /* Assets.xcassets */ = {isa = PBXFileReference; lastKnownFileType = folder.assetcatalog; path = Assets.xcassets; sourceTree = "<group>"; };
		196C26CB2AC7175700C78763 /* Preview Assets.xcassets */ = {isa = PBXFileReference; lastKnownFileType = folder.assetcatalog; path = "Preview Assets.xcassets"; sourceTree = "<group>"; };
		19F8838A2AC83DAA00575AC4 /* LoginView.swift */ = {isa = PBXFileReference; lastKnownFileType = sourcecode.swift; path = LoginView.swift; sourceTree = "<group>"; };
		19F8838C2AC8479600575AC4 /* SignUpView.swift */ = {isa = PBXFileReference; lastKnownFileType = sourcecode.swift; path = SignUpView.swift; sourceTree = "<group>"; };
		19F8838F2AC8490600575AC4 /* AuthenticationModifier.swift */ = {isa = PBXFileReference; lastKnownFileType = sourcecode.swift; path = AuthenticationModifier.swift; sourceTree = "<group>"; };
/* End PBXFileReference section */

/* Begin PBXFrameworksBuildPhase section */
		196C26BE2AC7175500C78763 /* Frameworks */ = {
			isa = PBXFrameworksBuildPhase;
			buildActionMask = 2147483647;
			files = (
			);
			runOnlyForDeploymentPostprocessing = 0;
		};
/* End PBXFrameworksBuildPhase section */

/* Begin PBXGroup section */
		1961C5972ACC00AF009394F7 /* Modifiers */ = {
			isa = PBXGroup;
			children = (
				19F8838F2AC8490600575AC4 /* AuthenticationModifier.swift */,
			);
			path = Modifiers;
			sourceTree = "<group>";
		};
		1961C5982ACC0184009394F7 /* Tab */ = {
			isa = PBXGroup;
			children = (
				1961C5992ACC018F009394F7 /* TabBarView.swift */,
			);
			path = Tab;
			sourceTree = "<group>";
		};
		1961C59B2ACC1356009394F7 /* Feed */ = {
			isa = PBXGroup;
			children = (
				1961C5A02ACC1389009394F7 /* FeedView.swift */,
				1961C5AA2ACC179F009394F7 /* ThreadCell.swift */,
			);
			path = Feed;
			sourceTree = "<group>";
		};
		1961C59C2ACC1364009394F7 /* Search */ = {
			isa = PBXGroup;
			children = (
				1961C5A22ACC1472009394F7 /* ExploreView.swift */,
				1961C5AC2ACC2846009394F7 /* ExploreCell.swift */,
			);
			path = Search;
			sourceTree = "<group>";
		};
		1961C59D2ACC136F009394F7 /* ThreadView */ = {
			isa = PBXGroup;
			children = (
				196C26C62AC7175500C78763 /* ContentView.swift */,
				1961C5A42ACC149E009394F7 /* ThreadView.swift */,
			);
			path = ThreadView;
			sourceTree = "<group>";
		};
		1961C59E2ACC1376009394F7 /* Activity */ = {
			isa = PBXGroup;
			children = (
				1961C5A62ACC14B8009394F7 /* ActivityView.swift */,
			);
			path = Activity;
			sourceTree = "<group>";
		};
		1961C59F2ACC137E009394F7 /* Profile */ = {
			isa = PBXGroup;
			children = (
				1961C5A82ACC14C1009394F7 /* ProfileView.swift */,
			);
			path = Profile;
			sourceTree = "<group>";
		};
		196C26B82AC7175500C78763 = {
			isa = PBXGroup;
			children = (
				196C26C32AC7175500C78763 /* ThreadsClone */,
				196C26C22AC7175500C78763 /* Products */,
			);
			sourceTree = "<group>";
		};
		196C26C22AC7175500C78763 /* Products */ = {
			isa = PBXGroup;
			children = (
				196C26C12AC7175500C78763 /* ThreadsClone.app */,
			);
			name = Products;
			sourceTree = "<group>";
		};
		196C26C32AC7175500C78763 /* ThreadsClone */ = {
			isa = PBXGroup;
			children = (
				19F883882AC83D5F00575AC4 /* App */,
				19F883852AC83D4700575AC4 /* DataManager */,
				19F883842AC83D4100575AC4 /* ViewModels */,
				19F883832AC83D3B00575AC4 /* Views */,
				19F883822AC83D3400575AC4 /* Model */,
				196C26C82AC7175700C78763 /* Assets.xcassets */,
				196C26CA2AC7175700C78763 /* Preview Content */,
			);
			path = ThreadsClone;
			sourceTree = "<group>";
		};
		196C26CA2AC7175700C78763 /* Preview Content */ = {
			isa = PBXGroup;
			children = (
				196C26CB2AC7175700C78763 /* Preview Assets.xcassets */,
			);
			path = "Preview Content";
			sourceTree = "<group>";
		};
		19F883822AC83D3400575AC4 /* Model */ = {
			isa = PBXGroup;
			children = (
			);
			path = Model;
			sourceTree = "<group>";
		};
		19F883832AC83D3B00575AC4 /* Views */ = {
			isa = PBXGroup;
			children = (
				1961C59E2ACC1376009394F7 /* Activity */,
				19F883892AC83D9C00575AC4 /* Authentication */,
				1961C59B2ACC1356009394F7 /* Feed */,
				1961C5972ACC00AF009394F7 /* Modifiers */,
				1961C59F2ACC137E009394F7 /* Profile */,
				1961C59C2ACC1364009394F7 /* Search */,
				1961C5982ACC0184009394F7 /* Tab */,
				1961C59D2ACC136F009394F7 /* ThreadView */,
			);
			path = Views;
			sourceTree = "<group>";
		};
		19F883842AC83D4100575AC4 /* ViewModels */ = {
			isa = PBXGroup;
			children = (
			);
			path = ViewModels;
			sourceTree = "<group>";
		};
		19F883852AC83D4700575AC4 /* DataManager */ = {
			isa = PBXGroup;
			children = (
				19F883872AC83D5400575AC4 /* Mocks */,
				19F883862AC83D4E00575AC4 /* Remote */,
			);
			path = DataManager;
			sourceTree = "<group>";
		};
		19F883862AC83D4E00575AC4 /* Remote */ = {
			isa = PBXGroup;
			children = (
			);
			path = Remote;
			sourceTree = "<group>";
		};
		19F883872AC83D5400575AC4 /* Mocks */ = {
			isa = PBXGroup;
			children = (
			);
			path = Mocks;
			sourceTree = "<group>";
		};
		19F883882AC83D5F00575AC4 /* App */ = {
			isa = PBXGroup;
			children = (
				196C26C42AC7175500C78763 /* ThreadsCloneApp.swift */,
			);
			path = App;
			sourceTree = "<group>";
		};
		19F883892AC83D9C00575AC4 /* Authentication */ = {
			isa = PBXGroup;
			children = (
				19F8838A2AC83DAA00575AC4 /* LoginView.swift */,
				19F8838C2AC8479600575AC4 /* SignUpView.swift */,
			);
			path = Authentication;
			sourceTree = "<group>";
		};
/* End PBXGroup section */

/* Begin PBXNativeTarget section */
		196C26C02AC7175500C78763 /* ThreadsClone */ = {
			isa = PBXNativeTarget;
			buildConfigurationList = 196C26CF2AC7175700C78763 /* Build configuration list for PBXNativeTarget "ThreadsClone" */;
			buildPhases = (
				196C26BD2AC7175500C78763 /* Sources */,
				196C26BE2AC7175500C78763 /* Frameworks */,
				196C26BF2AC7175500C78763 /* Resources */,
			);
			buildRules = (
			);
			dependencies = (
			);
			name = ThreadsClone;
			productName = ThreadsClone;
			productReference = 196C26C12AC7175500C78763 /* ThreadsClone.app */;
			productType = "com.apple.product-type.application";
		};
/* End PBXNativeTarget section */

/* Begin PBXProject section */
		196C26B92AC7175500C78763 /* Project object */ = {
			isa = PBXProject;
			attributes = {
				BuildIndependentTargetsInParallel = 1;
				LastSwiftUpdateCheck = 1500;
				LastUpgradeCheck = 1500;
				TargetAttributes = {
					196C26C02AC7175500C78763 = {
						CreatedOnToolsVersion = 15.0;
					};
				};
			};
			buildConfigurationList = 196C26BC2AC7175500C78763 /* Build configuration list for PBXProject "ThreadsClone" */;
			compatibilityVersion = "Xcode 14.0";
			developmentRegion = en;
			hasScannedForEncodings = 0;
			knownRegions = (
				en,
				Base,
			);
			mainGroup = 196C26B82AC7175500C78763;
			productRefGroup = 196C26C22AC7175500C78763 /* Products */;
			projectDirPath = "";
			projectRoot = "";
			targets = (
				196C26C02AC7175500C78763 /* ThreadsClone */,
			);
		};
/* End PBXProject section */

/* Begin PBXResourcesBuildPhase section */
		196C26BF2AC7175500C78763 /* Resources */ = {
			isa = PBXResourcesBuildPhase;
			buildActionMask = 2147483647;
			files = (
				196C26CC2AC7175700C78763 /* Preview Assets.xcassets in Resources */,
				196C26C92AC7175700C78763 /* Assets.xcassets in Resources */,
			);
			runOnlyForDeploymentPostprocessing = 0;
		};
/* End PBXResourcesBuildPhase section */

/* Begin PBXSourcesBuildPhase section */
		196C26BD2AC7175500C78763 /* Sources */ = {
			isa = PBXSourcesBuildPhase;
			buildActionMask = 2147483647;
			files = (
				1961C5A12ACC1389009394F7 /* FeedView.swift in Sources */,
				19F8838D2AC8479600575AC4 /* SignUpView.swift in Sources */,
				19F8838B2AC83DAA00575AC4 /* LoginView.swift in Sources */,
				1961C5AD2ACC2846009394F7 /* ExploreCell.swift in Sources */,
				1961C5AB2ACC179F009394F7 /* ThreadCell.swift in Sources */,
				1961C5A72ACC14B8009394F7 /* ActivityView.swift in Sources */,
				196C26C72AC7175500C78763 /* ContentView.swift in Sources */,
				19F883902AC8490600575AC4 /* AuthenticationModifier.swift in Sources */,
				1961C59A2ACC018F009394F7 /* TabBarView.swift in Sources */,
				1961C5A52ACC149E009394F7 /* ThreadView.swift in Sources */,
				1961C5A32ACC1472009394F7 /* ExploreView.swift in Sources */,
				1961C5A92ACC14C1009394F7 /* ProfileView.swift in Sources */,
				196C26C52AC7175500C78763 /* ThreadsCloneApp.swift in Sources */,
			);
			runOnlyForDeploymentPostprocessing = 0;
		};
/* End PBXSourcesBuildPhase section */

/* Begin XCBuildConfiguration section */
		196C26CD2AC7175700C78763 /* Debug */ = {
			isa = XCBuildConfiguration;
			buildSettings = {
				ALWAYS_SEARCH_USER_PATHS = NO;
				ASSETCATALOG_COMPILER_GENERATE_SWIFT_ASSET_SYMBOL_EXTENSIONS = YES;
				CLANG_ANALYZER_NONNULL = YES;
				CLANG_ANALYZER_NUMBER_OBJECT_CONVERSION = YES_AGGRESSIVE;
				CLANG_CXX_LANGUAGE_STANDARD = "gnu++20";
				CLANG_ENABLE_MODULES = YES;
				CLANG_ENABLE_OBJC_ARC = YES;
				CLANG_ENABLE_OBJC_WEAK = YES;
				CLANG_WARN_BLOCK_CAPTURE_AUTORELEASING = YES;
				CLANG_WARN_BOOL_CONVERSION = YES;
				CLANG_WARN_COMMA = YES;
				CLANG_WARN_CONSTANT_CONVERSION = YES;
				CLANG_WARN_DEPRECATED_OBJC_IMPLEMENTATIONS = YES;
				CLANG_WARN_DIRECT_OBJC_ISA_USAGE = YES_ERROR;
				CLANG_WARN_DOCUMENTATION_COMMENTS = YES;
				CLANG_WARN_EMPTY_BODY = YES;
				CLANG_WARN_ENUM_CONVERSION = YES;
				CLANG_WARN_INFINITE_RECURSION = YES;
				CLANG_WARN_INT_CONVERSION = YES;
				CLANG_WARN_NON_LITERAL_NULL_CONVERSION = YES;
				CLANG_WARN_OBJC_IMPLICIT_RETAIN_SELF = YES;
				CLANG_WARN_OBJC_LITERAL_CONVERSION = YES;
				CLANG_WARN_OBJC_ROOT_CLASS = YES_ERROR;
				CLANG_WARN_QUOTED_INCLUDE_IN_FRAMEWORK_HEADER = YES;
				CLANG_WARN_RANGE_LOOP_ANALYSIS = YES;
				CLANG_WARN_STRICT_PROTOTYPES = YES;
				CLANG_WARN_SUSPICIOUS_MOVE = YES;
				CLANG_WARN_UNGUARDED_AVAILABILITY = YES_AGGRESSIVE;
				CLANG_WARN_UNREACHABLE_CODE = YES;
				CLANG_WARN__DUPLICATE_METHOD_MATCH = YES;
				COPY_PHASE_STRIP = NO;
				DEBUG_INFORMATION_FORMAT = dwarf;
				ENABLE_STRICT_OBJC_MSGSEND = YES;
				ENABLE_TESTABILITY = YES;
				ENABLE_USER_SCRIPT_SANDBOXING = YES;
				GCC_C_LANGUAGE_STANDARD = gnu17;
				GCC_DYNAMIC_NO_PIC = NO;
				GCC_NO_COMMON_BLOCKS = YES;
				GCC_OPTIMIZATION_LEVEL = 0;
				GCC_PREPROCESSOR_DEFINITIONS = (
					"DEBUG=1",
					"$(inherited)",
				);
				GCC_WARN_64_TO_32_BIT_CONVERSION = YES;
				GCC_WARN_ABOUT_RETURN_TYPE = YES_ERROR;
				GCC_WARN_UNDECLARED_SELECTOR = YES;
				GCC_WARN_UNINITIALIZED_AUTOS = YES_AGGRESSIVE;
				GCC_WARN_UNUSED_FUNCTION = YES;
				GCC_WARN_UNUSED_VARIABLE = YES;
				IPHONEOS_DEPLOYMENT_TARGET = 17.0;
				LOCALIZATION_PREFERS_STRING_CATALOGS = YES;
				MTL_ENABLE_DEBUG_INFO = INCLUDE_SOURCE;
				MTL_FAST_MATH = YES;
				ONLY_ACTIVE_ARCH = YES;
				SDKROOT = iphoneos;
				SWIFT_ACTIVE_COMPILATION_CONDITIONS = "DEBUG $(inherited)";
				SWIFT_OPTIMIZATION_LEVEL = "-Onone";
			};
			name = Debug;
		};
		196C26CE2AC7175700C78763 /* Release */ = {
			isa = XCBuildConfiguration;
			buildSettings = {
				ALWAYS_SEARCH_USER_PATHS = NO;
				ASSETCATALOG_COMPILER_GENERATE_SWIFT_ASSET_SYMBOL_EXTENSIONS = YES;
				CLANG_ANALYZER_NONNULL = YES;
				CLANG_ANALYZER_NUMBER_OBJECT_CONVERSION = YES_AGGRESSIVE;
				CLANG_CXX_LANGUAGE_STANDARD = "gnu++20";
				CLANG_ENABLE_MODULES = YES;
				CLANG_ENABLE_OBJC_ARC = YES;
				CLANG_ENABLE_OBJC_WEAK = YES;
				CLANG_WARN_BLOCK_CAPTURE_AUTORELEASING = YES;
				CLANG_WARN_BOOL_CONVERSION = YES;
				CLANG_WARN_COMMA = YES;
				CLANG_WARN_CONSTANT_CONVERSION = YES;
				CLANG_WARN_DEPRECATED_OBJC_IMPLEMENTATIONS = YES;
				CLANG_WARN_DIRECT_OBJC_ISA_USAGE = YES_ERROR;
				CLANG_WARN_DOCUMENTATION_COMMENTS = YES;
				CLANG_WARN_EMPTY_BODY = YES;
				CLANG_WARN_ENUM_CONVERSION = YES;
				CLANG_WARN_INFINITE_RECURSION = YES;
				CLANG_WARN_INT_CONVERSION = YES;
				CLANG_WARN_NON_LITERAL_NULL_CONVERSION = YES;
				CLANG_WARN_OBJC_IMPLICIT_RETAIN_SELF = YES;
				CLANG_WARN_OBJC_LITERAL_CONVERSION = YES;
				CLANG_WARN_OBJC_ROOT_CLASS = YES_ERROR;
				CLANG_WARN_QUOTED_INCLUDE_IN_FRAMEWORK_HEADER = YES;
				CLANG_WARN_RANGE_LOOP_ANALYSIS = YES;
				CLANG_WARN_STRICT_PROTOTYPES = YES;
				CLANG_WARN_SUSPICIOUS_MOVE = YES;
				CLANG_WARN_UNGUARDED_AVAILABILITY = YES_AGGRESSIVE;
				CLANG_WARN_UNREACHABLE_CODE = YES;
				CLANG_WARN__DUPLICATE_METHOD_MATCH = YES;
				COPY_PHASE_STRIP = NO;
				DEBUG_INFORMATION_FORMAT = "dwarf-with-dsym";
				ENABLE_NS_ASSERTIONS = NO;
				ENABLE_STRICT_OBJC_MSGSEND = YES;
				ENABLE_USER_SCRIPT_SANDBOXING = YES;
				GCC_C_LANGUAGE_STANDARD = gnu17;
				GCC_NO_COMMON_BLOCKS = YES;
				GCC_WARN_64_TO_32_BIT_CONVERSION = YES;
				GCC_WARN_ABOUT_RETURN_TYPE = YES_ERROR;
				GCC_WARN_UNDECLARED_SELECTOR = YES;
				GCC_WARN_UNINITIALIZED_AUTOS = YES_AGGRESSIVE;
				GCC_WARN_UNUSED_FUNCTION = YES;
				GCC_WARN_UNUSED_VARIABLE = YES;
				IPHONEOS_DEPLOYMENT_TARGET = 17.0;
				LOCALIZATION_PREFERS_STRING_CATALOGS = YES;
				MTL_ENABLE_DEBUG_INFO = NO;
				MTL_FAST_MATH = YES;
				SDKROOT = iphoneos;
				SWIFT_COMPILATION_MODE = wholemodule;
				VALIDATE_PRODUCT = YES;
			};
			name = Release;
		};
		196C26D02AC7175700C78763 /* Debug */ = {
			isa = XCBuildConfiguration;
			buildSettings = {
				ASSETCATALOG_COMPILER_APPICON_NAME = AppIcon;
				ASSETCATALOG_COMPILER_GLOBAL_ACCENT_COLOR_NAME = AccentColor;
				CODE_SIGN_STYLE = Automatic;
				CURRENT_PROJECT_VERSION = 1;
				DEVELOPMENT_ASSET_PATHS = "\"ThreadsClone/Preview Content\"";
				ENABLE_PREVIEWS = YES;
				GENERATE_INFOPLIST_FILE = YES;
				INFOPLIST_KEY_UIApplicationSceneManifest_Generation = YES;
				INFOPLIST_KEY_UIApplicationSupportsIndirectInputEvents = YES;
				INFOPLIST_KEY_UILaunchScreen_Generation = YES;
				INFOPLIST_KEY_UISupportedInterfaceOrientations_iPad = "UIInterfaceOrientationPortrait UIInterfaceOrientationPortraitUpsideDown UIInterfaceOrientationLandscapeLeft UIInterfaceOrientationLandscapeRight";
				INFOPLIST_KEY_UISupportedInterfaceOrientations_iPhone = "UIInterfaceOrientationPortrait UIInterfaceOrientationLandscapeLeft UIInterfaceOrientationLandscapeRight";
				LD_RUNPATH_SEARCH_PATHS = (
					"$(inherited)",
					"@executable_path/Frameworks",
				);
				MARKETING_VERSION = 1.0;
				PRODUCT_BUNDLE_IDENTIFIER = com.ThreadsClone;
				PRODUCT_NAME = "$(TARGET_NAME)";
				SWIFT_EMIT_LOC_STRINGS = YES;
				SWIFT_VERSION = 5.0;
				TARGETED_DEVICE_FAMILY = "1,2";
			};
			name = Debug;
		};
		196C26D12AC7175700C78763 /* Release */ = {
			isa = XCBuildConfiguration;
			buildSettings = {
				ASSETCATALOG_COMPILER_APPICON_NAME = AppIcon;
				ASSETCATALOG_COMPILER_GLOBAL_ACCENT_COLOR_NAME = AccentColor;
				CODE_SIGN_STYLE = Automatic;
				CURRENT_PROJECT_VERSION = 1;
				DEVELOPMENT_ASSET_PATHS = "\"ThreadsClone/Preview Content\"";
				ENABLE_PREVIEWS = YES;
				GENERATE_INFOPLIST_FILE = YES;
				INFOPLIST_KEY_UIApplicationSceneManifest_Generation = YES;
				INFOPLIST_KEY_UIApplicationSupportsIndirectInputEvents = YES;
				INFOPLIST_KEY_UILaunchScreen_Generation = YES;
				INFOPLIST_KEY_UISupportedInterfaceOrientations_iPad = "UIInterfaceOrientationPortrait UIInterfaceOrientationPortraitUpsideDown UIInterfaceOrientationLandscapeLeft UIInterfaceOrientationLandscapeRight";
				INFOPLIST_KEY_UISupportedInterfaceOrientations_iPhone = "UIInterfaceOrientationPortrait UIInterfaceOrientationLandscapeLeft UIInterfaceOrientationLandscapeRight";
				LD_RUNPATH_SEARCH_PATHS = (
					"$(inherited)",
					"@executable_path/Frameworks",
				);
				MARKETING_VERSION = 1.0;
				PRODUCT_BUNDLE_IDENTIFIER = com.ThreadsClone;
				PRODUCT_NAME = "$(TARGET_NAME)";
				SWIFT_EMIT_LOC_STRINGS = YES;
				SWIFT_VERSION = 5.0;
				TARGETED_DEVICE_FAMILY = "1,2";
			};
			name = Release;
		};
/* End XCBuildConfiguration section */

/* Begin XCConfigurationList section */
		196C26BC2AC7175500C78763 /* Build configuration list for PBXProject "ThreadsClone" */ = {
			isa = XCConfigurationList;
			buildConfigurations = (
				196C26CD2AC7175700C78763 /* Debug */,
				196C26CE2AC7175700C78763 /* Release */,
			);
			defaultConfigurationIsVisible = 0;
			defaultConfigurationName = Release;
		};
		196C26CF2AC7175700C78763 /* Build configuration list for PBXNativeTarget "ThreadsClone" */ = {
			isa = XCConfigurationList;
			buildConfigurations = (
				196C26D02AC7175700C78763 /* Debug */,
				196C26D12AC7175700C78763 /* Release */,
			);
			defaultConfigurationIsVisible = 0;
			defaultConfigurationName = Release;
		};
/* End XCConfigurationList section */
	};
	rootObject = 196C26B92AC7175500C78763 /* Project object */;
}
